
Microsoft Visual Studio Solution File, Format Version 12.00
# Visual Studio Version 17
VisualStudioVersion = 17.3.32825.248
MinimumVisualStudioVersion = 10.0.40219.1
Project("{FAE04EC0-301F-11D3-BF4B-00C04F79EFBC}") = "WpfApp20", "WpfApp20\WpfApp20.csproj", "{14D631F7-C64D-4B3E-B3B0-8E5F065284DB}"
EndProject
Global
	GlobalSection(SolutionConfigurationPlatforms) = preSolution
		Debug|Any CPU = Debug|Any CPU
		Release|Any CPU = Release|Any CPU
	EndGlobalSection
	GlobalSection(ProjectConfigurationPlatforms) = postSolution
		{14D631F7-C64D-4B3E-B3B0-8E5F065284DB}.Debug|Any CPU.ActiveCfg = Debug|Any CPU
		{14D631F7-C64D-4B3E-B3B0-8E5F065284DB}.Debug|Any CPU.Build.0 = Debug|Any CPU
		{14D631F7-C64D-4B3E-B3B0-8E5F065284DB}.Release|Any CPU.ActiveCfg = Release|Any CPU
		{14D631F7-C64D-4B3E-B3B0-8E5F065284DB}.Release|Any CPU.Build.0 = Release|Any CPU
	EndGlobalSection
	GlobalSection(SolutionProperties) = preSolution
		HideSolutionNode = FALSE
	EndGlobalSection
	GlobalSection(ExtensibilityGlobals) = postSolution
		SolutionGuid = {87F49826-AB6B-47ED-9D90-0B600EF62C40}
	EndGlobalSection
EndGlobal
